
Microsoft Visual Studio Solution File, Format Version 12.00
# Visual Studio Version 16
VisualStudioVersion = 16.0.30709.132
MinimumVisualStudioVersion = 10.0.40219.1
Project("{FAE04EC0-301F-11D3-BF4B-00C04F79EFBC}") = "TestAngular", "TestAngular\TestAngular.csproj", "{935F063C-863C-4B66-9603-63ECCD4E919E}"
EndProject
Global
	GlobalSection(SolutionConfigurationPlatforms) = preSolution
		Debug|Any CPU = Debug|Any CPU
		Release|Any CPU = Release|Any CPU
	EndGlobalSection
	GlobalSection(ProjectConfigurationPlatforms) = postSolution
		{935F063C-863C-4B66-9603-63ECCD4E919E}.Debug|Any CPU.ActiveCfg = Debug|Any CPU
		{935F063C-863C-4B66-9603-63ECCD4E919E}.Debug|Any CPU.Build.0 = Debug|Any CPU
		{935F063C-863C-4B66-9603-63ECCD4E919E}.Release|Any CPU.ActiveCfg = Release|Any CPU
		{935F063C-863C-4B66-9603-63ECCD4E919E}.Release|Any CPU.Build.0 = Release|Any CPU
	EndGlobalSection
	GlobalSection(SolutionProperties) = preSolution
		HideSolutionNode = FALSE
	EndGlobalSection
	GlobalSection(ExtensibilityGlobals) = postSolution
		SolutionGuid = {3C916FA2-4D81-4186-8BBF-4C75E5ADE862}
	EndGlobalSection
EndGlobal
